
Microsoft Visual Studio Solution File, Format Version 12.00
# Visual Studio Version 16
VisualStudioVersion = 16.0.31410.357
MinimumVisualStudioVersion = 10.0.40219.1
Project("{FAE04EC0-301F-11D3-BF4B-00C04F79EFBC}") = "SeleniumProject", "SeleniumProject\SeleniumProject.csproj", "{416A60B3-1770-417B-9526-0D4C7B2EA291}"
EndProject
Global
	GlobalSection(SolutionConfigurationPlatforms) = preSolution
		Debug|Any CPU = Debug|Any CPU
		Release|Any CPU = Release|Any CPU
	EndGlobalSection
	GlobalSection(ProjectConfigurationPlatforms) = postSolution
		{416A60B3-1770-417B-9526-0D4C7B2EA291}.Debug|Any CPU.ActiveCfg = Debug|Any CPU
		{416A60B3-1770-417B-9526-0D4C7B2EA291}.Debug|Any CPU.Build.0 = Debug|Any CPU
		{416A60B3-1770-417B-9526-0D4C7B2EA291}.Release|Any CPU.ActiveCfg = Release|Any CPU
		{416A60B3-1770-417B-9526-0D4C7B2EA291}.Release|Any CPU.Build.0 = Release|Any CPU
	EndGlobalSection
	GlobalSection(SolutionProperties) = preSolution
		HideSolutionNode = FALSE
	EndGlobalSection
	GlobalSection(ExtensibilityGlobals) = postSolution
		SolutionGuid = {D77D68E8-3CB0-44A5-869A-DEF53985A952}
	EndGlobalSection
EndGlobal
